// !$*UTF8*$!
{
	archiveVersion = 1;
	classes = {
	};
	objectVersion = 55;
	objects = {

/* Begin PBXBuildFile section */
		D01217272AB9195400287B0A /* secondViewController.swift in Sources */ = {isa = PBXBuildFile; fileRef = D01217262AB9195400287B0A /* secondViewController.swift */; };
		D01217292AB9196500287B0A /* thirdViewController.swift in Sources */ = {isa = PBXBuildFile; fileRef = D01217282AB9196500287B0A /* thirdViewController.swift */; };
		D012172B2AB9197500287B0A /* fourthViewController.swift in Sources */ = {isa = PBXBuildFile; fileRef = D012172A2AB9197500287B0A /* fourthViewController.swift */; };
		D064EDC92AB90240007368AF /* AppDelegate.swift in Sources */ = {isa = PBXBuildFile; fileRef = D064EDC82AB90240007368AF /* AppDelegate.swift */; };
		D064EDCB2AB90240007368AF /* SceneDelegate.swift in Sources */ = {isa = PBXBuildFile; fileRef = D064EDCA2AB90240007368AF /* SceneDelegate.swift */; };
		D064EDCD2AB90240007368AF /* ViewController.swift in Sources */ = {isa = PBXBuildFile; fileRef = D064EDCC2AB90240007368AF /* ViewController.swift */; };
		D064EDD02AB90240007368AF /* Main.storyboard in Resources */ = {isa = PBXBuildFile; fileRef = D064EDCE2AB90240007368AF /* Main.storyboard */; };
		D064EDD22AB90241007368AF /* Assets.xcassets in Resources */ = {isa = PBXBuildFile; fileRef = D064EDD12AB90241007368AF /* Assets.xcassets */; };
		D064EDD52AB90241007368AF /* LaunchScreen.storyboard in Resources */ = {isa = PBXBuildFile; fileRef = D064EDD32AB90241007368AF /* LaunchScreen.storyboard */; };
		D064EDE02AB90241007368AF /* HackwichFour_MasterTests.swift in Sources */ = {isa = PBXBuildFile; fileRef = D064EDDF2AB90241007368AF /* HackwichFour_MasterTests.swift */; };
		D064EDEA2AB90241007368AF /* HackwichFour_MasterUITests.swift in Sources */ = {isa = PBXBuildFile; fileRef = D064EDE92AB90241007368AF /* HackwichFour_MasterUITests.swift */; };
		D064EDEC2AB90241007368AF /* HackwichFour_MasterUITestsLaunchTests.swift in Sources */ = {isa = PBXBuildFile; fileRef = D064EDEB2AB90241007368AF /* HackwichFour_MasterUITestsLaunchTests.swift */; };
/* End PBXBuildFile section */

/* Begin PBXContainerItemProxy section */
		D064EDDC2AB90241007368AF /* PBXContainerItemProxy */ = {
			isa = PBXContainerItemProxy;
			containerPortal = D064EDBD2AB90240007368AF /* Project object */;
			proxyType = 1;
			remoteGlobalIDString = D064EDC42AB90240007368AF;
			remoteInfo = HackwichFour_Master;
		};
		D064EDE62AB90241007368AF /* PBXContainerItemProxy */ = {
			isa = PBXContainerItemProxy;
			containerPortal = D064EDBD2AB90240007368AF /* Project object */;
			proxyType = 1;
			remoteGlobalIDString = D064EDC42AB90240007368AF;
			remoteInfo = HackwichFour_Master;
		};
/* End PBXContainerItemProxy section */

/* Begin PBXFileReference section */
		D01217262AB9195400287B0A /* secondViewController.swift */ = {isa = PBXFileReference; lastKnownFileType = sourcecode.swift; path = secondViewController.swift; sourceTree = "<group>"; };
		D01217282AB9196500287B0A /* thirdViewController.swift */ = {isa = PBXFileReference; lastKnownFileType = sourcecode.swift; path = thirdViewController.swift; sourceTree = "<group>"; };
		D012172A2AB9197500287B0A /* fourthViewController.swift */ = {isa = PBXFileReference; lastKnownFileType = sourcecode.swift; path = fourthViewController.swift; sourceTree = "<group>"; };
		D064EDC52AB90240007368AF /* HackwichFour_Master.app */ = {isa = PBXFileReference; explicitFileType = wrapper.application; includeInIndex = 0; path = HackwichFour_Master.app; sourceTree = BUILT_PRODUCTS_DIR; };
		D064EDC82AB90240007368AF /* AppDelegate.swift */ = {isa = PBXFileReference; lastKnownFileType = sourcecode.swift; path = AppDelegate.swift; sourceTree = "<group>"; };
		D064EDCA2AB90240007368AF /* SceneDelegate.swift */ = {isa = PBXFileReference; lastKnownFileType = sourcecode.swift; path = SceneDelegate.swift; sourceTree = "<group>"; };
		D064EDCC2AB90240007368AF /* ViewController.swift */ = {isa = PBXFileReference; lastKnownFileType = sourcecode.swift; path = ViewController.swift; sourceTree = "<group>"; };
		D064EDCF2AB90240007368AF /* Base */ = {isa = PBXFileReference; lastKnownFileType = file.storyboard; name = Base; path = Base.lproj/Main.storyboard; sourceTree = "<group>"; };
		D064EDD12AB90241007368AF /* Assets.xcassets */ = {isa = PBXFileReference; lastKnownFileType = folder.assetcatalog; path = Assets.xcassets; sourceTree = "<group>"; };
		D064EDD42AB90241007368AF /* Base */ = {isa = PBXFileReference; lastKnownFileType = file.storyboard; name = Base; path = Base.lproj/LaunchScreen.storyboard; sourceTree = "<group>"; };
		D064EDD62AB90241007368AF /* Info.plist */ = {isa = PBXFileReference; lastKnownFileType = text.plist.xml; path = Info.plist; sourceTree = "<group>"; };
		D064EDDB2AB90241007368AF /* HackwichFour_MasterTests.xctest */ = {isa = PBXFileReference; explicitFileType = wrapper.cfbundle; includeInIndex = 0; path = HackwichFour_MasterTests.xctest; sourceTree = BUILT_PRODUCTS_DIR; };
		D064EDDF2AB90241007368AF /* HackwichFour_MasterTests.swift */ = {isa = PBXFileReference; lastKnownFileType = sourcecode.swift; path = HackwichFour_MasterTests.swift; sourceTree = "<group>"; };
		D064EDE52AB90241007368AF /* HackwichFour_MasterUITests.xctest */ = {isa = PBXFileReference; explicitFileType = wrapper.cfbundle; includeInIndex = 0; path = HackwichFour_MasterUITests.xctest; sourceTree = BUILT_PRODUCTS_DIR; };
		D064EDE92AB90241007368AF /* HackwichFour_MasterUITests.swift */ = {isa = PBXFileReference; lastKnownFileType = sourcecode.swift; path = HackwichFour_MasterUITests.swift; sourceTree = "<group>"; };
		D064EDEB2AB90241007368AF /* HackwichFour_MasterUITestsLaunchTests.swift */ = {isa = PBXFileReference; lastKnownFileType = sourcecode.swift; path = HackwichFour_MasterUITestsLaunchTests.swift; sourceTree = "<group>"; };
/* End PBXFileReference section */

/* Begin PBXFrameworksBuildPhase section */
		D064EDC22AB90240007368AF /* Frameworks */ = {
			isa = PBXFrameworksBuildPhase;
			buildActionMask = 2147483647;
			files = (
			);
			runOnlyForDeploymentPostprocessing = 0;
		};
		D064EDD82AB90241007368AF /* Frameworks */ = {
			isa = PBXFrameworksBuildPhase;
			buildActionMask = 2147483647;
			files = (
			);
			runOnlyForDeploymentPostprocessing = 0;
		};
		D064EDE22AB90241007368AF /* Frameworks */ = {
			isa = PBXFrameworksBuildPhase;
			buildActionMask = 2147483647;
			files = (
			);
			runOnlyForDeploymentPostprocessing = 0;
		};
/* End PBXFrameworksBuildPhase section */

/* Begin PBXGroup section */
		D064EDBC2AB90240007368AF = {
			isa = PBXGroup;
			children = (
				D064EDC72AB90240007368AF /* HackwichFour_Master */,
				D064EDDE2AB90241007368AF /* HackwichFour_MasterTests */,
				D064EDE82AB90241007368AF /* HackwichFour_MasterUITests */,
				D064EDC62AB90240007368AF /* Products */,
			);
			sourceTree = "<group>";
		};
		D064EDC62AB90240007368AF /* Products */ = {
			isa = PBXGroup;
			children = (
				D064EDC52AB90240007368AF /* HackwichFour_Master.app */,
				D064EDDB2AB90241007368AF /* HackwichFour_MasterTests.xctest */,
				D064EDE52AB90241007368AF /* HackwichFour_MasterUITests.xctest */,
			);
			name = Products;
			sourceTree = "<group>";
		};
		D064EDC72AB90240007368AF /* HackwichFour_Master */ = {
			isa = PBXGroup;
			children = (
				D064EDC82AB90240007368AF /* AppDelegate.swift */,
				D064EDCA2AB90240007368AF /* SceneDelegate.swift */,
				D064EDCC2AB90240007368AF /* ViewController.swift */,
				D064EDCE2AB90240007368AF /* Main.storyboard */,
				D01217262AB9195400287B0A /* secondViewController.swift */,
				D01217282AB9196500287B0A /* thirdViewController.swift */,
				D012172A2AB9197500287B0A /* fourthViewController.swift */,
				D064EDD12AB90241007368AF /* Assets.xcassets */,
				D064EDD32AB90241007368AF /* LaunchScreen.storyboard */,
				D064EDD62AB90241007368AF /* Info.plist */,
			);
			path = HackwichFour_Master;
			sourceTree = "<group>";
		};
		D064EDDE2AB90241007368AF /* HackwichFour_MasterTests */ = {
			isa = PBXGroup;
			children = (
				D064EDDF2AB90241007368AF /* HackwichFour_MasterTests.swift */,
			);
			path = HackwichFour_MasterTests;
			sourceTree = "<group>";
		};
		D064EDE82AB90241007368AF /* HackwichFour_MasterUITests */ = {
			isa = PBXGroup;
			children = (
				D064EDE92AB90241007368AF /* HackwichFour_MasterUITests.swift */,
				D064EDEB2AB90241007368AF /* HackwichFour_MasterUITestsLaunchTests.swift */,
			);
			path = HackwichFour_MasterUITests;
			sourceTree = "<group>";
		};
/* End PBXGroup section */

/* Begin PBXNativeTarget section */
		D064EDC42AB90240007368AF /* HackwichFour_Master */ = {
			isa = PBXNativeTarget;
			buildConfigurationList = D064EDEF2AB90241007368AF /* Build configuration list for PBXNativeTarget "HackwichFour_Master" */;
			buildPhases = (
				D064EDC12AB90240007368AF /* Sources */,
				D064EDC22AB90240007368AF /* Frameworks */,
				D064EDC32AB90240007368AF /* Resources */,
			);
			buildRules = (
			);
			dependencies = (
			);
			name = HackwichFour_Master;
			productName = HackwichFour_Master;
			productReference = D064EDC52AB90240007368AF /* HackwichFour_Master.app */;
			productType = "com.apple.product-type.application";
		};
		D064EDDA2AB90241007368AF /* HackwichFour_MasterTests */ = {
			isa = PBXNativeTarget;
			buildConfigurationList = D064EDF22AB90241007368AF /* Build configuration list for PBXNativeTarget "HackwichFour_MasterTests" */;
			buildPhases = (
				D064EDD72AB90241007368AF /* Sources */,
				D064EDD82AB90241007368AF /* Frameworks */,
				D064EDD92AB90241007368AF /* Resources */,
			);
			buildRules = (
			);
			dependencies = (
				D064EDDD2AB90241007368AF /* PBXTargetDependency */,
			);
			name = HackwichFour_MasterTests;
			productName = HackwichFour_MasterTests;
			productReference = D064EDDB2AB90241007368AF /* HackwichFour_MasterTests.xctest */;
			productType = "com.apple.product-type.bundle.unit-test";
		};
		D064EDE42AB90241007368AF /* HackwichFour_MasterUITests */ = {
			isa = PBXNativeTarget;
			buildConfigurationList = D064EDF52AB90241007368AF /* Build configuration list for PBXNativeTarget "HackwichFour_MasterUITests" */;
			buildPhases = (
				D064EDE12AB90241007368AF /* Sources */,
				D064EDE22AB90241007368AF /* Frameworks */,
				D064EDE32AB90241007368AF /* Resources */,
			);
			buildRules = (
			);
			dependencies = (
				D064EDE72AB90241007368AF /* PBXTargetDependency */,
			);
			name = HackwichFour_MasterUITests;
			productName = HackwichFour_MasterUITests;
			productReference = D064EDE52AB90241007368AF /* HackwichFour_MasterUITests.xctest */;
			productType = "com.apple.product-type.bundle.ui-testing";
		};
/* End PBXNativeTarget section */

/* Begin PBXProject section */
		D064EDBD2AB90240007368AF /* Project object */ = {
			isa = PBXProject;
			attributes = {
				BuildIndependentTargetsInParallel = 1;
				LastSwiftUpdateCheck = 1340;
				LastUpgradeCheck = 1340;
				TargetAttributes = {
					D064EDC42AB90240007368AF = {
						CreatedOnToolsVersion = 13.4.1;
					};
					D064EDDA2AB90241007368AF = {
						CreatedOnToolsVersion = 13.4.1;
						TestTargetID = D064EDC42AB90240007368AF;
					};
					D064EDE42AB90241007368AF = {
						CreatedOnToolsVersion = 13.4.1;
						TestTargetID = D064EDC42AB90240007368AF;
					};
				};
			};
			buildConfigurationList = D064EDC02AB90240007368AF /* Build configuration list for PBXProject "HackwichFour_Master" */;
			compatibilityVersion = "Xcode 13.0";
			developmentRegion = en;
			hasScannedForEncodings = 0;
			knownRegions = (
				en,
				Base,
			);
			mainGroup = D064EDBC2AB90240007368AF;
			productRefGroup = D064EDC62AB90240007368AF /* Products */;
			projectDirPath = "";
			projectRoot = "";
			targets = (
				D064EDC42AB90240007368AF /* HackwichFour_Master */,
				D064EDDA2AB90241007368AF /* HackwichFour_MasterTests */,
				D064EDE42AB90241007368AF /* HackwichFour_MasterUITests */,
			);
		};
/* End PBXProject section */

/* Begin PBXResourcesBuildPhase section */
		D064EDC32AB90240007368AF /* Resources */ = {
			isa = PBXResourcesBuildPhase;
			buildActionMask = 2147483647;
			files = (
				D064EDD52AB90241007368AF /* LaunchScreen.storyboard in Resources */,
				D064EDD22AB90241007368AF /* Assets.xcassets in Resources */,
				D064EDD02AB90240007368AF /* Main.storyboard in Resources */,
			);
			runOnlyForDeploymentPostprocessing = 0;
		};
		D064EDD92AB90241007368AF /* Resources */ = {
			isa = PBXResourcesBuildPhase;
			buildActionMask = 2147483647;
			files = (
			);
			runOnlyForDeploymentPostprocessing = 0;
		};
		D064EDE32AB90241007368AF /* Resources */ = {
			isa = PBXResourcesBuildPhase;
			buildActionMask = 2147483647;
			files = (
			);
			runOnlyForDeploymentPostprocessing = 0;
		};
/* End PBXResourcesBuildPhase section */

/* Begin PBXSourcesBuildPhase section */
		D064EDC12AB90240007368AF /* Sources */ = {
			isa = PBXSourcesBuildPhase;
			buildActionMask = 2147483647;
			files = (
				D01217272AB9195400287B0A /* secondViewController.swift in Sources */,
				D064EDCD2AB90240007368AF /* ViewController.swift in Sources */,
				D012172B2AB9197500287B0A /* fourthViewController.swift in Sources */,
				D01217292AB9196500287B0A /* thirdViewController.swift in Sources */,
				D064EDC92AB90240007368AF /* AppDelegate.swift in Sources */,
				D064EDCB2AB90240007368AF /* SceneDelegate.swift in Sources */,
			);
			runOnlyForDeploymentPostprocessing = 0;
		};
		D064EDD72AB90241007368AF /* Sources */ = {
			isa = PBXSourcesBuildPhase;
			buildActionMask = 2147483647;
			files = (
				D064EDE02AB90241007368AF /* HackwichFour_MasterTests.swift in Sources */,
			);
			runOnlyForDeploymentPostprocessing = 0;
		};
		D064EDE12AB90241007368AF /* Sources */ = {
			isa = PBXSourcesBuildPhase;
			buildActionMask = 2147483647;
			files = (
				D064EDEC2AB90241007368AF /* HackwichFour_MasterUITestsLaunchTests.swift in Sources */,
				D064EDEA2AB90241007368AF /* HackwichFour_MasterUITests.swift in Sources */,
			);
			runOnlyForDeploymentPostprocessing = 0;
		};
/* End PBXSourcesBuildPhase section */

/* Begin PBXTargetDependency section */
		D064EDDD2AB90241007368AF /* PBXTargetDependency */ = {
			isa = PBXTargetDependency;
			target = D064EDC42AB90240007368AF /* HackwichFour_Master */;
			targetProxy = D064EDDC2AB90241007368AF /* PBXContainerItemProxy */;
		};
		D064EDE72AB90241007368AF /* PBXTargetDependency */ = {
			isa = PBXTargetDependency;
			target = D064EDC42AB90240007368AF /* HackwichFour_Master */;
			targetProxy = D064EDE62AB90241007368AF /* PBXContainerItemProxy */;
		};
/* End PBXTargetDependency section */

/* Begin PBXVariantGroup section */
		D064EDCE2AB90240007368AF /* Main.storyboard */ = {
			isa = PBXVariantGroup;
			children = (
				D064EDCF2AB90240007368AF /* Base */,
			);
			name = Main.storyboard;
			sourceTree = "<group>";
		};
		D064EDD32AB90241007368AF /* LaunchScreen.storyboard */ = {
			isa = PBXVariantGroup;
			children = (
				D064EDD42AB90241007368AF /* Base */,
			);
			name = LaunchScreen.storyboard;
			sourceTree = "<group>";
		};
/* End PBXVariantGroup section */

/* Begin XCBuildConfiguration section */
		D064EDED2AB90241007368AF /* Debug */ = {
			isa = XCBuildConfiguration;
			buildSettings = {
				ALWAYS_SEARCH_USER_PATHS = NO;
				CLANG_ANALYZER_NONNULL = YES;
				CLANG_ANALYZER_NUMBER_OBJECT_CONVERSION = YES_AGGRESSIVE;
				CLANG_CXX_LANGUAGE_STANDARD = "gnu++17";
				CLANG_ENABLE_MODULES = YES;
				CLANG_ENABLE_OBJC_ARC = YES;
				CLANG_ENABLE_OBJC_WEAK = YES;
				CLANG_WARN_BLOCK_CAPTURE_AUTORELEASING = YES;
				CLANG_WARN_BOOL_CONVERSION = YES;
				CLANG_WARN_COMMA = YES;
				CLANG_WARN_CONSTANT_CONVERSION = YES;
				CLANG_WARN_DEPRECATED_OBJC_IMPLEMENTATIONS = YES;
				CLANG_WARN_DIRECT_OBJC_ISA_USAGE = YES_ERROR;
				CLANG_WARN_DOCUMENTATION_COMMENTS = YES;
				CLANG_WARN_EMPTY_BODY = YES;
				CLANG_WARN_ENUM_CONVERSION = YES;
				CLANG_WARN_INFINITE_RECURSION = YES;
				CLANG_WARN_INT_CONVERSION = YES;
				CLANG_WARN_NON_LITERAL_NULL_CONVERSION = YES;
				CLANG_WARN_OBJC_IMPLICIT_RETAIN_SELF = YES;
				CLANG_WARN_OBJC_LITERAL_CONVERSION = YES;
				CLANG_WARN_OBJC_ROOT_CLASS = YES_ERROR;
				CLANG_WARN_QUOTED_INCLUDE_IN_FRAMEWORK_HEADER = YES;
				CLANG_WARN_RANGE_LOOP_ANALYSIS = YES;
				CLANG_WARN_STRICT_PROTOTYPES = YES;
				CLANG_WARN_SUSPICIOUS_MOVE = YES;
				CLANG_WARN_UNGUARDED_AVAILABILITY = YES_AGGRESSIVE;
				CLANG_WARN_UNREACHABLE_CODE = YES;
				CLANG_WARN__DUPLICATE_METHOD_MATCH = YES;
				COPY_PHASE_STRIP = NO;
				DEBUG_INFORMATION_FORMAT = dwarf;
				ENABLE_STRICT_OBJC_MSGSEND = YES;
				ENABLE_TESTABILITY = YES;
				GCC_C_LANGUAGE_STANDARD = gnu11;
				GCC_DYNAMIC_NO_PIC = NO;
				GCC_NO_COMMON_BLOCKS = YES;
				GCC_OPTIMIZATION_LEVEL = 0;
				GCC_PREPROCESSOR_DEFINITIONS = (
					"DEBUG=1",
					"$(inherited)",
				);
				GCC_WARN_64_TO_32_BIT_CONVERSION = YES;
				GCC_WARN_ABOUT_RETURN_TYPE = YES_ERROR;
				GCC_WARN_UNDECLARED_SELECTOR = YES;
				GCC_WARN_UNINITIALIZED_AUTOS = YES_AGGRESSIVE;
				GCC_WARN_UNUSED_FUNCTION = YES;
				GCC_WARN_UNUSED_VARIABLE = YES;
				IPHONEOS_DEPLOYMENT_TARGET = 15.5;
				MTL_ENABLE_DEBUG_INFO = INCLUDE_SOURCE;
				MTL_FAST_MATH = YES;
				ONLY_ACTIVE_ARCH = YES;
				SDKROOT = iphoneos;
				SWIFT_ACTIVE_COMPILATION_CONDITIONS = DEBUG;
				SWIFT_OPTIMIZATION_LEVEL = "-Onone";
			};
			name = Debug;
		};
		D064EDEE2AB90241007368AF /* Release */ = {
			isa = XCBuildConfiguration;
			buildSettings = {
				ALWAYS_SEARCH_USER_PATHS = NO;
				CLANG_ANALYZER_NONNULL = YES;
				CLANG_ANALYZER_NUMBER_OBJECT_CONVERSION = YES_AGGRESSIVE;
				CLANG_CXX_LANGUAGE_STANDARD = "gnu++17";
				CLANG_ENABLE_MODULES = YES;
				CLANG_ENABLE_OBJC_ARC = YES;
				CLANG_ENABLE_OBJC_WEAK = YES;
				CLANG_WARN_BLOCK_CAPTURE_AUTORELEASING = YES;
				CLANG_WARN_BOOL_CONVERSION = YES;
				CLANG_WARN_COMMA = YES;
				CLANG_WARN_CONSTANT_CONVERSION = YES;
				CLANG_WARN_DEPRECATED_OBJC_IMPLEMENTATIONS = YES;
				CLANG_WARN_DIRECT_OBJC_ISA_USAGE = YES_ERROR;
				CLANG_WARN_DOCUMENTATION_COMMENTS = YES;
				CLANG_WARN_EMPTY_BODY = YES;
				CLANG_WARN_ENUM_CONVERSION = YES;
				CLANG_WARN_INFINITE_RECURSION = YES;
				CLANG_WARN_INT_CONVERSION = YES;
				CLANG_WARN_NON_LITERAL_NULL_CONVERSION = YES;
				CLANG_WARN_OBJC_IMPLICIT_RETAIN_SELF = YES;
				CLANG_WARN_OBJC_LITERAL_CONVERSION = YES;
				CLANG_WARN_OBJC_ROOT_CLASS = YES_ERROR;
				CLANG_WARN_QUOTED_INCLUDE_IN_FRAMEWORK_HEADER = YES;
				CLANG_WARN_RANGE_LOOP_ANALYSIS = YES;
				CLANG_WARN_STRICT_PROTOTYPES = YES;
				CLANG_WARN_SUSPICIOUS_MOVE = YES;
				CLANG_WARN_UNGUARDED_AVAILABILITY = YES_AGGRESSIVE;
				CLANG_WARN_UNREACHABLE_CODE = YES;
				CLANG_WARN__DUPLICATE_METHOD_MATCH = YES;
				COPY_PHASE_STRIP = NO;
				DEBUG_INFORMATION_FORMAT = "dwarf-with-dsym";
				ENABLE_NS_ASSERTIONS = NO;
				ENABLE_STRICT_OBJC_MSGSEND = YES;
				GCC_C_LANGUAGE_STANDARD = gnu11;
				GCC_NO_COMMON_BLOCKS = YES;
				GCC_WARN_64_TO_32_BIT_CONVERSION = YES;
				GCC_WARN_ABOUT_RETURN_TYPE = YES_ERROR;
				GCC_WARN_UNDECLARED_SELECTOR = YES;
				GCC_WARN_UNINITIALIZED_AUTOS = YES_AGGRESSIVE;
				GCC_WARN_UNUSED_FUNCTION = YES;
				GCC_WARN_UNUSED_VARIABLE = YES;
				IPHONEOS_DEPLOYMENT_TARGET = 15.5;
				MTL_ENABLE_DEBUG_INFO = NO;
				MTL_FAST_MATH = YES;
				SDKROOT = iphoneos;
				SWIFT_COMPILATION_MODE = wholemodule;
				SWIFT_OPTIMIZATION_LEVEL = "-O";
				VALIDATE_PRODUCT = YES;
			};
			name = Release;
		};
		D064EDF02AB90241007368AF /* Debug */ = {
			isa = XCBuildConfiguration;
			buildSettings = {
				ASSETCATALOG_COMPILER_APPICON_NAME = AppIcon;
				ASSETCATALOG_COMPILER_GLOBAL_ACCENT_COLOR_NAME = AccentColor;
				CODE_SIGN_STYLE = Automatic;
				CURRENT_PROJECT_VERSION = 1;
				DEVELOPMENT_TEAM = RKE9UY8PW2;
				GENERATE_INFOPLIST_FILE = YES;
				INFOPLIST_FILE = HackwichFour_Master/Info.plist;
				INFOPLIST_KEY_UIApplicationSupportsIndirectInputEvents = YES;
				INFOPLIST_KEY_UILaunchStoryboardName = LaunchScreen;
				INFOPLIST_KEY_UIMainStoryboardFile = Main;
				INFOPLIST_KEY_UISupportedInterfaceOrientations_iPad = "UIInterfaceOrientationPortrait UIInterfaceOrientationPortraitUpsideDown UIInterfaceOrientationLandscapeLeft UIInterfaceOrientationLandscapeRight";
				INFOPLIST_KEY_UISupportedInterfaceOrientations_iPhone = "UIInterfaceOrientationPortrait UIInterfaceOrientationLandscapeLeft UIInterfaceOrientationLandscapeRight";
				LD_RUNPATH_SEARCH_PATHS = (
					"$(inherited)",
					"@executable_path/Frameworks",
				);
				MARKETING_VERSION = 1.0;
				PRODUCT_BUNDLE_IDENTIFIER = "UHWO.HackwichFour-Master";
				PRODUCT_NAME = "$(TARGET_NAME)";
				SWIFT_EMIT_LOC_STRINGS = YES;
				SWIFT_VERSION = 5.0;
				TARGETED_DEVICE_FAMILY = "1,2";
			};
			name = Debug;
		};
		D064EDF12AB90241007368AF /* Release */ = {
			isa = XCBuildConfiguration;
			buildSettings = {
				ASSETCATALOG_COMPILER_APPICON_NAME = AppIcon;
				ASSETCATALOG_COMPILER_GLOBAL_ACCENT_COLOR_NAME = AccentColor;
				CODE_SIGN_STYLE = Automatic;
				CURRENT_PROJECT_VERSION = 1;
				DEVELOPMENT_TEAM = RKE9UY8PW2;
				GENERATE_INFOPLIST_FILE = YES;
				INFOPLIST_FILE = HackwichFour_Master/Info.plist;
				INFOPLIST_KEY_UIApplicationSupportsIndirectInputEvents = YES;
				INFOPLIST_KEY_UILaunchStoryboardName = LaunchScreen;
				INFOPLIST_KEY_UIMainStoryboardFile = Main;
				INFOPLIST_KEY_UISupportedInterfaceOrientations_iPad = "UIInterfaceOrientationPortrait UIInterfaceOrientationPortraitUpsideDown UIInterfaceOrientationLandscapeLeft UIInterfaceOrientationLandscapeRight";
				INFOPLIST_KEY_UISupportedInterfaceOrientations_iPhone = "UIInterfaceOrientationPortrait UIInterfaceOrientationLandscapeLeft UIInterfaceOrientationLandscapeRight";
				LD_RUNPATH_SEARCH_PATHS = (
					"$(inherited)",
					"@executable_path/Frameworks",
				);
				MARKETING_VERSION = 1.0;
				PRODUCT_BUNDLE_IDENTIFIER = "UHWO.HackwichFour-Master";
				PRODUCT_NAME = "$(TARGET_NAME)";
				SWIFT_EMIT_LOC_STRINGS = YES;
				SWIFT_VERSION = 5.0;
				TARGETED_DEVICE_FAMILY = "1,2";
			};
			name = Release;
		};
		D064EDF32AB90241007368AF /* Debug */ = {
			isa = XCBuildConfiguration;
			buildSettings = {
				ALWAYS_EMBED_SWIFT_STANDARD_LIBRARIES = YES;
				BUNDLE_LOADER = "$(TEST_HOST)";
				CODE_SIGN_STYLE = Automatic;
				CURRENT_PROJECT_VERSION = 1;
				DEVELOPMENT_TEAM = RKE9UY8PW2;
				GENERATE_INFOPLIST_FILE = YES;
				IPHONEOS_DEPLOYMENT_TARGET = 15.5;
				MARKETING_VERSION = 1.0;
				PRODUCT_BUNDLE_IDENTIFIER = "UHWO.HackwichFour-MasterTests";
				PRODUCT_NAME = "$(TARGET_NAME)";
				SWIFT_EMIT_LOC_STRINGS = NO;
				SWIFT_VERSION = 5.0;
				TARGETED_DEVICE_FAMILY = "1,2";
				TEST_HOST = "$(BUILT_PRODUCTS_DIR)/HackwichFour_Master.app/HackwichFour_Master";
			};
			name = Debug;
		};
		D064EDF42AB90241007368AF /* Release */ = {
			isa = XCBuildConfiguration;
			buildSettings = {
				ALWAYS_EMBED_SWIFT_STANDARD_LIBRARIES = YES;
				BUNDLE_LOADER = "$(TEST_HOST)";
				CODE_SIGN_STYLE = Automatic;
				CURRENT_PROJECT_VERSION = 1;
				DEVELOPMENT_TEAM = RKE9UY8PW2;
				GENERATE_INFOPLIST_FILE = YES;
				IPHONEOS_DEPLOYMENT_TARGET = 15.5;
				MARKETING_VERSION = 1.0;
				PRODUCT_BUNDLE_IDENTIFIER = "UHWO.HackwichFour-MasterTests";
				PRODUCT_NAME = "$(TARGET_NAME)";
				SWIFT_EMIT_LOC_STRINGS = NO;
				SWIFT_VERSION = 5.0;
				TARGETED_DEVICE_FAMILY = "1,2";
				TEST_HOST = "$(BUILT_PRODUCTS_DIR)/HackwichFour_Master.app/HackwichFour_Master";
			};
			name = Release;
		};
		D064EDF62AB90241007368AF /* Debug */ = {
			isa = XCBuildConfiguration;
			buildSettings = {
				ALWAYS_EMBED_SWIFT_STANDARD_LIBRARIES = YES;
				CODE_SIGN_STYLE = Automatic;
				CURRENT_PROJECT_VERSION = 1;
				DEVELOPMENT_TEAM = RKE9UY8PW2;
				GENERATE_INFOPLIST_FILE = YES;
				MARKETING_VERSION = 1.0;
				PRODUCT_BUNDLE_IDENTIFIER = "UHWO.HackwichFour-MasterUITests";
				PRODUCT_NAME = "$(TARGET_NAME)";
				SWIFT_EMIT_LOC_STRINGS = NO;
				SWIFT_VERSION = 5.0;
				TARGETED_DEVICE_FAMILY = "1,2";
				TEST_TARGET_NAME = HackwichFour_Master;
			};
			name = Debug;
		};
		D064EDF72AB90241007368AF /* Release */ = {
			isa = XCBuildConfiguration;
			buildSettings = {
				ALWAYS_EMBED_SWIFT_STANDARD_LIBRARIES = YES;
				CODE_SIGN_STYLE = Automatic;
				CURRENT_PROJECT_VERSION = 1;
				DEVELOPMENT_TEAM = RKE9UY8PW2;
				GENERATE_INFOPLIST_FILE = YES;
				MARKETING_VERSION = 1.0;
				PRODUCT_BUNDLE_IDENTIFIER = "UHWO.HackwichFour-MasterUITests";
				PRODUCT_NAME = "$(TARGET_NAME)";
				SWIFT_EMIT_LOC_STRINGS = NO;
				SWIFT_VERSION = 5.0;
				TARGETED_DEVICE_FAMILY = "1,2";
				TEST_TARGET_NAME = HackwichFour_Master;
			};
			name = Release;
		};
/* End XCBuildConfiguration section */

/* Begin XCConfigurationList section */
		D064EDC02AB90240007368AF /* Build configuration list for PBXProject "HackwichFour_Master" */ = {
			isa = XCConfigurationList;
			buildConfigurations = (
				D064EDED2AB90241007368AF /* Debug */,
				D064EDEE2AB90241007368AF /* Release */,
			);
			defaultConfigurationIsVisible = 0;
			defaultConfigurationName = Release;
		};
		D064EDEF2AB90241007368AF /* Build configuration list for PBXNativeTarget "HackwichFour_Master" */ = {
			isa = XCConfigurationList;
			buildConfigurations = (
				D064EDF02AB90241007368AF /* Debug */,
				D064EDF12AB90241007368AF /* Release */,
			);
			defaultConfigurationIsVisible = 0;
			defaultConfigurationName = Release;
		};
		D064EDF22AB90241007368AF /* Build configuration list for PBXNativeTarget "HackwichFour_MasterTests" */ = {
			isa = XCConfigurationList;
			buildConfigurations = (
				D064EDF32AB90241007368AF /* Debug */,
				D064EDF42AB90241007368AF /* Release */,
			);
			defaultConfigurationIsVisible = 0;
			defaultConfigurationName = Release;
		};
		D064EDF52AB90241007368AF /* Build configuration list for PBXNativeTarget "HackwichFour_MasterUITests" */ = {
			isa = XCConfigurationList;
			buildConfigurations = (
				D064EDF62AB90241007368AF /* Debug */,
				D064EDF72AB90241007368AF /* Release */,
			);
			defaultConfigurationIsVisible = 0;
			defaultConfigurationName = Release;
		};
/* End XCConfigurationList section */
	};
	rootObject = D064EDBD2AB90240007368AF /* Project object */;
}
